
Microsoft Visual Studio Solution File, Format Version 12.00
# Visual Studio Version 17
VisualStudioVersion = 17.3.32804.467
MinimumVisualStudioVersion = 10.0.40219.1
Project("{2150E333-8FDC-42A3-9474-1A3956D46DE8}") = "src", "src", "{B7784DCA-139C-4B6A-A3F5-3FEC7EA76490}"
EndProject
Project("{2150E333-8FDC-42A3-9474-1A3956D46DE8}") = "test", "test", "{091C69FD-E50B-402F-9DE9-E46CFF4C7A63}"
EndProject
Project("{2150E333-8FDC-42A3-9474-1A3956D46DE8}") = "presentation", "presentation", "{45C188B6-24F7-4BCD-8CFF-B28CA7B0CC58}"
EndProject
Project("{2150E333-8FDC-42A3-9474-1A3956D46DE8}") = "application", "application", "{2299AEEF-7D08-4663-AAE4-21939CF83B8F}"
EndProject
Project("{2150E333-8FDC-42A3-9474-1A3956D46DE8}") = "infrastructure", "infrastructure", "{AF6B1FC7-BC82-44C9-895F-C4E98B02E09B}"
EndProject
Project("{2150E333-8FDC-42A3-9474-1A3956D46DE8}") = "domain", "domain", "{54129415-F50A-4213-8A60-AC2A070765F5}"
EndProject
Project("{9A19103F-16F7-4668-BE54-9A1E7A4F7556}") = "EGM.GraphQL.API", "EGM.GraphQL.API\EGM.GraphQL.API.csproj", "{0AED0D9C-417E-42A8-A600-D16F33D25E48}"
EndProject
Project("{9A19103F-16F7-4668-BE54-9A1E7A4F7556}") = "EGM.GQL.Primitives", "EGM.GQL.Primitives\EGM.GQL.Primitives.csproj", "{B1EE59FC-C446-4F9B-BD27-EF52F2922344}"
EndProject
Project("{9A19103F-16F7-4668-BE54-9A1E7A4F7556}") = "EGM.GQL.Abstractions", "EGM.GQL.Abstractions\EGM.GQL.Abstractions.csproj", "{BEB66E03-6B00-4ADD-A88C-79503B4DBF3A}"
EndProject
Project("{9A19103F-16F7-4668-BE54-9A1E7A4F7556}") = "EGM.GQL.Services", "EGM.GQL.Services\EGM.GQL.Services.csproj", "{243BFCFB-79EA-4539-BCEA-BD19B982141B}"
EndProject
Project("{9A19103F-16F7-4668-BE54-9A1E7A4F7556}") = "EGM.GQL.DataAccess", "EGM.GQL.DataAccess\EGM.GQL.DataAccess.csproj", "{592A0AFC-1D83-415E-AB50-A74F8D89D8D9}"
EndProject
Project("{9A19103F-16F7-4668-BE54-9A1E7A4F7556}") = "EGM.GQL.DataAccess.Primitives", "EGM.GQL.DataAccess.Primitives\EGM.GQL.DataAccess.Primitives.csproj", "{A28C5764-BBBB-4F09-9A44-7D782F5E8292}"
EndProject
Project("{9A19103F-16F7-4668-BE54-9A1E7A4F7556}") = "EGM.GQL.DataAccess.Abstractions", "EGM.GQL.DataAccess.Abstractions\EGM.GQL.DataAccess.Abstractions.csproj", "{28A4CD63-1370-4DA6-A056-8AF312FFE143}"
EndProject
Project("{9A19103F-16F7-4668-BE54-9A1E7A4F7556}") = "EGM.GQL.Mappers", "EGM.GQL.Mappers\EGM.GQL.Mappers.csproj", "{49598C0B-0FB2-4F1D-BA9F-83A1BE471A23}"
EndProject
Project("{2150E333-8FDC-42A3-9474-1A3956D46DE8}") = "identity server", "identity server", "{D0DC2AA1-EA71-4E2F-80FF-F72FB445B733}"
EndProject
Project("{FAE04EC0-301F-11D3-BF4B-00C04F79EFBC}") = "IdentityServer.Admin", "IdentityServer\src\IdentityServer.Admin\IdentityServer.Admin.csproj", "{1BE9AB9C-C36E-4C8D-B27C-BA1B3362E64F}"
EndProject
Project("{FAE04EC0-301F-11D3-BF4B-00C04F79EFBC}") = "IdentityServer.STS.Identity", "IdentityServer\src\IdentityServer.STS.Identity\IdentityServer.STS.Identity.csproj", "{A948365F-748E-43FC-9346-A2DE3A70702A}"
EndProject
Project("{FAE04EC0-301F-11D3-BF4B-00C04F79EFBC}") = "IdentityServer.Admin.Api", "IdentityServer\src\IdentityServer.Admin.Api\IdentityServer.Admin.Api.csproj", "{9DE992FA-E048-4592-9029-B6FB02442F9D}"
EndProject
Project("{FAE04EC0-301F-11D3-BF4B-00C04F79EFBC}") = "IdentityServer.Admin.EntityFramework.Shared", "IdentityServer\src\IdentityServer.Admin.EntityFramework.Shared\IdentityServer.Admin.EntityFramework.Shared.csproj", "{75B9FDFD-CE2B-41D3-AC24-6BF42403BBBD}"
EndProject
Project("{FAE04EC0-301F-11D3-BF4B-00C04F79EFBC}") = "IdentityServer.Admin.EntityFramework.MySql", "IdentityServer\src\IdentityServer.Admin.EntityFramework.MySql\IdentityServer.Admin.EntityFramework.MySql.csproj", "{03732615-C35F-4642-95AC-E5EA194739A8}"
EndProject
Project("{FAE04EC0-301F-11D3-BF4B-00C04F79EFBC}") = "IdentityServer.Admin.EntityFramework.PostgreSQL", "IdentityServer\src\IdentityServer.Admin.EntityFramework.PostgreSQL\IdentityServer.Admin.EntityFramework.PostgreSQL.csproj", "{D2A8095E-43B9-48DF-905D-8B0A50F32F29}"
EndProject
Project("{FAE04EC0-301F-11D3-BF4B-00C04F79EFBC}") = "IdentityServer.Admin.EntityFramework.SqlServer", "IdentityServer\src\IdentityServer.Admin.EntityFramework.SqlServer\IdentityServer.Admin.EntityFramework.SqlServer.csproj", "{4ECE2B36-3BBD-4C6D-BCBD-322D6CD0D381}"
EndProject
Project("{FAE04EC0-301F-11D3-BF4B-00C04F79EFBC}") = "IdentityServer.Shared", "IdentityServer\src\IdentityServer.Shared\IdentityServer.Shared.csproj", "{8E94934E-DBC3-4216-A41F-608E375BDD8C}"
EndProject
Project("{FAE04EC0-301F-11D3-BF4B-00C04F79EFBC}") = "EGM.GQL.Queries", "EGM.GQL.Queries\EGM.GQL.Queries.csproj", "{C8FAE56A-7DC3-4EAF-B8AF-0C2CB8D8DCB0}"
EndProject
Global
	GlobalSection(SolutionConfigurationPlatforms) = preSolution
		Debug|Any CPU = Debug|Any CPU
		Debug|x64 = Debug|x64
		Release|Any CPU = Release|Any CPU
		Release|x64 = Release|x64
	EndGlobalSection
	GlobalSection(ProjectConfigurationPlatforms) = postSolution
		{0AED0D9C-417E-42A8-A600-D16F33D25E48}.Debug|Any CPU.ActiveCfg = Debug|x64
		{0AED0D9C-417E-42A8-A600-D16F33D25E48}.Debug|Any CPU.Build.0 = Debug|x64
		{0AED0D9C-417E-42A8-A600-D16F33D25E48}.Debug|x64.ActiveCfg = Debug|x64
		{0AED0D9C-417E-42A8-A600-D16F33D25E48}.Debug|x64.Build.0 = Debug|x64
		{0AED0D9C-417E-42A8-A600-D16F33D25E48}.Release|Any CPU.ActiveCfg = Release|x64
		{0AED0D9C-417E-42A8-A600-D16F33D25E48}.Release|Any CPU.Build.0 = Release|x64
		{0AED0D9C-417E-42A8-A600-D16F33D25E48}.Release|x64.ActiveCfg = Release|x64
		{0AED0D9C-417E-42A8-A600-D16F33D25E48}.Release|x64.Build.0 = Release|x64
		{B1EE59FC-C446-4F9B-BD27-EF52F2922344}.Debug|Any CPU.ActiveCfg = Debug|x64
		{B1EE59FC-C446-4F9B-BD27-EF52F2922344}.Debug|Any CPU.Build.0 = Debug|x64
		{B1EE59FC-C446-4F9B-BD27-EF52F2922344}.Debug|x64.ActiveCfg = Debug|x64
		{B1EE59FC-C446-4F9B-BD27-EF52F2922344}.Debug|x64.Build.0 = Debug|x64
		{B1EE59FC-C446-4F9B-BD27-EF52F2922344}.Release|Any CPU.ActiveCfg = Release|x64
		{B1EE59FC-C446-4F9B-BD27-EF52F2922344}.Release|Any CPU.Build.0 = Release|x64
		{B1EE59FC-C446-4F9B-BD27-EF52F2922344}.Release|x64.ActiveCfg = Release|x64
		{B1EE59FC-C446-4F9B-BD27-EF52F2922344}.Release|x64.Build.0 = Release|x64
		{BEB66E03-6B00-4ADD-A88C-79503B4DBF3A}.Debug|Any CPU.ActiveCfg = Debug|x64
		{BEB66E03-6B00-4ADD-A88C-79503B4DBF3A}.Debug|Any CPU.Build.0 = Debug|x64
		{BEB66E03-6B00-4ADD-A88C-79503B4DBF3A}.Debug|x64.ActiveCfg = Debug|x64
		{BEB66E03-6B00-4ADD-A88C-79503B4DBF3A}.Debug|x64.Build.0 = Debug|x64
		{BEB66E03-6B00-4ADD-A88C-79503B4DBF3A}.Release|Any CPU.ActiveCfg = Release|x64
		{BEB66E03-6B00-4ADD-A88C-79503B4DBF3A}.Release|Any CPU.Build.0 = Release|x64
		{BEB66E03-6B00-4ADD-A88C-79503B4DBF3A}.Release|x64.ActiveCfg = Release|x64
		{BEB66E03-6B00-4ADD-A88C-79503B4DBF3A}.Release|x64.Build.0 = Release|x64
		{243BFCFB-79EA-4539-BCEA-BD19B982141B}.Debug|Any CPU.ActiveCfg = Debug|x64
		{243BFCFB-79EA-4539-BCEA-BD19B982141B}.Debug|Any CPU.Build.0 = Debug|x64
		{243BFCFB-79EA-4539-BCEA-BD19B982141B}.Debug|x64.ActiveCfg = Debug|x64
		{243BFCFB-79EA-4539-BCEA-BD19B982141B}.Debug|x64.Build.0 = Debug|x64
		{243BFCFB-79EA-4539-BCEA-BD19B982141B}.Release|Any CPU.ActiveCfg = Release|x64
		{243BFCFB-79EA-4539-BCEA-BD19B982141B}.Release|Any CPU.Build.0 = Release|x64
		{243BFCFB-79EA-4539-BCEA-BD19B982141B}.Release|x64.ActiveCfg = Release|x64
		{243BFCFB-79EA-4539-BCEA-BD19B982141B}.Release|x64.Build.0 = Release|x64
		{592A0AFC-1D83-415E-AB50-A74F8D89D8D9}.Debug|Any CPU.ActiveCfg = Debug|x64
		{592A0AFC-1D83-415E-AB50-A74F8D89D8D9}.Debug|Any CPU.Build.0 = Debug|x64
		{592A0AFC-1D83-415E-AB50-A74F8D89D8D9}.Debug|x64.ActiveCfg = Debug|x64
		{592A0AFC-1D83-415E-AB50-A74F8D89D8D9}.Debug|x64.Build.0 = Debug|x64
		{592A0AFC-1D83-415E-AB50-A74F8D89D8D9}.Release|Any CPU.ActiveCfg = Release|x64
		{592A0AFC-1D83-415E-AB50-A74F8D89D8D9}.Release|Any CPU.Build.0 = Release|x64
		{592A0AFC-1D83-415E-AB50-A74F8D89D8D9}.Release|x64.ActiveCfg = Release|x64
		{592A0AFC-1D83-415E-AB50-A74F8D89D8D9}.Release|x64.Build.0 = Release|x64
		{A28C5764-BBBB-4F09-9A44-7D782F5E8292}.Debug|Any CPU.ActiveCfg = Debug|x64
		{A28C5764-BBBB-4F09-9A44-7D782F5E8292}.Debug|Any CPU.Build.0 = Debug|x64
		{A28C5764-BBBB-4F09-9A44-7D782F5E8292}.Debug|x64.ActiveCfg = Debug|x64
		{A28C5764-BBBB-4F09-9A44-7D782F5E8292}.Debug|x64.Build.0 = Debug|x64
		{A28C5764-BBBB-4F09-9A44-7D782F5E8292}.Release|Any CPU.ActiveCfg = Release|x64
		{A28C5764-BBBB-4F09-9A44-7D782F5E8292}.Release|Any CPU.Build.0 = Release|x64
		{A28C5764-BBBB-4F09-9A44-7D782F5E8292}.Release|x64.ActiveCfg = Release|x64
		{A28C5764-BBBB-4F09-9A44-7D782F5E8292}.Release|x64.Build.0 = Release|x64
		{28A4CD63-1370-4DA6-A056-8AF312FFE143}.Debug|Any CPU.ActiveCfg = Debug|x64
		{28A4CD63-1370-4DA6-A056-8AF312FFE143}.Debug|Any CPU.Build.0 = Debug|x64
		{28A4CD63-1370-4DA6-A056-8AF312FFE143}.Debug|x64.ActiveCfg = Debug|x64
		{28A4CD63-1370-4DA6-A056-8AF312FFE143}.Debug|x64.Build.0 = Debug|x64
		{28A4CD63-1370-4DA6-A056-8AF312FFE143}.Release|Any CPU.ActiveCfg = Release|x64
		{28A4CD63-1370-4DA6-A056-8AF312FFE143}.Release|Any CPU.Build.0 = Release|x64
		{28A4CD63-1370-4DA6-A056-8AF312FFE143}.Release|x64.ActiveCfg = Release|x64
		{28A4CD63-1370-4DA6-A056-8AF312FFE143}.Release|x64.Build.0 = Release|x64
		{49598C0B-0FB2-4F1D-BA9F-83A1BE471A23}.Debug|Any CPU.ActiveCfg = Debug|Any CPU
		{49598C0B-0FB2-4F1D-BA9F-83A1BE471A23}.Debug|Any CPU.Build.0 = Debug|Any CPU
		{49598C0B-0FB2-4F1D-BA9F-83A1BE471A23}.Debug|x64.ActiveCfg = Debug|Any CPU
		{49598C0B-0FB2-4F1D-BA9F-83A1BE471A23}.Debug|x64.Build.0 = Debug|Any CPU
		{49598C0B-0FB2-4F1D-BA9F-83A1BE471A23}.Release|Any CPU.ActiveCfg = Release|Any CPU
		{49598C0B-0FB2-4F1D-BA9F-83A1BE471A23}.Release|Any CPU.Build.0 = Release|Any CPU
		{49598C0B-0FB2-4F1D-BA9F-83A1BE471A23}.Release|x64.ActiveCfg = Release|Any CPU
		{49598C0B-0FB2-4F1D-BA9F-83A1BE471A23}.Release|x64.Build.0 = Release|Any CPU
		{1BE9AB9C-C36E-4C8D-B27C-BA1B3362E64F}.Debug|Any CPU.ActiveCfg = Debug|Any CPU
		{1BE9AB9C-C36E-4C8D-B27C-BA1B3362E64F}.Debug|Any CPU.Build.0 = Debug|Any CPU
		{1BE9AB9C-C36E-4C8D-B27C-BA1B3362E64F}.Debug|x64.ActiveCfg = Debug|Any CPU
		{1BE9AB9C-C36E-4C8D-B27C-BA1B3362E64F}.Debug|x64.Build.0 = Debug|Any CPU
		{1BE9AB9C-C36E-4C8D-B27C-BA1B3362E64F}.Release|Any CPU.ActiveCfg = Release|Any CPU
		{1BE9AB9C-C36E-4C8D-B27C-BA1B3362E64F}.Release|Any CPU.Build.0 = Release|Any CPU
		{1BE9AB9C-C36E-4C8D-B27C-BA1B3362E64F}.Release|x64.ActiveCfg = Release|Any CPU
		{1BE9AB9C-C36E-4C8D-B27C-BA1B3362E64F}.Release|x64.Build.0 = Release|Any CPU
		{A948365F-748E-43FC-9346-A2DE3A70702A}.Debug|Any CPU.ActiveCfg = Debug|Any CPU
		{A948365F-748E-43FC-9346-A2DE3A70702A}.Debug|Any CPU.Build.0 = Debug|Any CPU
		{A948365F-748E-43FC-9346-A2DE3A70702A}.Debug|x64.ActiveCfg = Debug|Any CPU
		{A948365F-748E-43FC-9346-A2DE3A70702A}.Debug|x64.Build.0 = Debug|Any CPU
		{A948365F-748E-43FC-9346-A2DE3A70702A}.Release|Any CPU.ActiveCfg = Release|Any CPU
		{A948365F-748E-43FC-9346-A2DE3A70702A}.Release|Any CPU.Build.0 = Release|Any CPU
		{A948365F-748E-43FC-9346-A2DE3A70702A}.Release|x64.ActiveCfg = Release|Any CPU
		{A948365F-748E-43FC-9346-A2DE3A70702A}.Release|x64.Build.0 = Release|Any CPU
		{9DE992FA-E048-4592-9029-B6FB02442F9D}.Debug|Any CPU.ActiveCfg = Debug|Any CPU
		{9DE992FA-E048-4592-9029-B6FB02442F9D}.Debug|Any CPU.Build.0 = Debug|Any CPU
		{9DE992FA-E048-4592-9029-B6FB02442F9D}.Debug|x64.ActiveCfg = Debug|Any CPU
		{9DE992FA-E048-4592-9029-B6FB02442F9D}.Debug|x64.Build.0 = Debug|Any CPU
		{9DE992FA-E048-4592-9029-B6FB02442F9D}.Release|Any CPU.ActiveCfg = Release|Any CPU
		{9DE992FA-E048-4592-9029-B6FB02442F9D}.Release|Any CPU.Build.0 = Release|Any CPU
		{9DE992FA-E048-4592-9029-B6FB02442F9D}.Release|x64.ActiveCfg = Release|Any CPU
		{9DE992FA-E048-4592-9029-B6FB02442F9D}.Release|x64.Build.0 = Release|Any CPU
		{75B9FDFD-CE2B-41D3-AC24-6BF42403BBBD}.Debug|Any CPU.ActiveCfg = Debug|Any CPU
		{75B9FDFD-CE2B-41D3-AC24-6BF42403BBBD}.Debug|Any CPU.Build.0 = Debug|Any CPU
		{75B9FDFD-CE2B-41D3-AC24-6BF42403BBBD}.Debug|x64.ActiveCfg = Debug|Any CPU
		{75B9FDFD-CE2B-41D3-AC24-6BF42403BBBD}.Debug|x64.Build.0 = Debug|Any CPU
		{75B9FDFD-CE2B-41D3-AC24-6BF42403BBBD}.Release|Any CPU.ActiveCfg = Release|Any CPU
		{75B9FDFD-CE2B-41D3-AC24-6BF42403BBBD}.Release|Any CPU.Build.0 = Release|Any CPU
		{75B9FDFD-CE2B-41D3-AC24-6BF42403BBBD}.Release|x64.ActiveCfg = Release|Any CPU
		{75B9FDFD-CE2B-41D3-AC24-6BF42403BBBD}.Release|x64.Build.0 = Release|Any CPU
		{03732615-C35F-4642-95AC-E5EA194739A8}.Debug|Any CPU.ActiveCfg = Debug|Any CPU
		{03732615-C35F-4642-95AC-E5EA194739A8}.Debug|Any CPU.Build.0 = Debug|Any CPU
		{03732615-C35F-4642-95AC-E5EA194739A8}.Debug|x64.ActiveCfg = Debug|Any CPU
		{03732615-C35F-4642-95AC-E5EA194739A8}.Debug|x64.Build.0 = Debug|Any CPU
		{03732615-C35F-4642-95AC-E5EA194739A8}.Release|Any CPU.ActiveCfg = Release|Any CPU
		{03732615-C35F-4642-95AC-E5EA194739A8}.Release|Any CPU.Build.0 = Release|Any CPU
		{03732615-C35F-4642-95AC-E5EA194739A8}.Release|x64.ActiveCfg = Release|Any CPU
		{03732615-C35F-4642-95AC-E5EA194739A8}.Release|x64.Build.0 = Release|Any CPU
		{D2A8095E-43B9-48DF-905D-8B0A50F32F29}.Debug|Any CPU.ActiveCfg = Debug|Any CPU
		{D2A8095E-43B9-48DF-905D-8B0A50F32F29}.Debug|Any CPU.Build.0 = Debug|Any CPU
		{D2A8095E-43B9-48DF-905D-8B0A50F32F29}.Debug|x64.ActiveCfg = Debug|Any CPU
		{D2A8095E-43B9-48DF-905D-8B0A50F32F29}.Debug|x64.Build.0 = Debug|Any CPU
		{D2A8095E-43B9-48DF-905D-8B0A50F32F29}.Release|Any CPU.ActiveCfg = Release|Any CPU
		{D2A8095E-43B9-48DF-905D-8B0A50F32F29}.Release|Any CPU.Build.0 = Release|Any CPU
		{D2A8095E-43B9-48DF-905D-8B0A50F32F29}.Release|x64.ActiveCfg = Release|Any CPU
		{D2A8095E-43B9-48DF-905D-8B0A50F32F29}.Release|x64.Build.0 = Release|Any CPU
		{4ECE2B36-3BBD-4C6D-BCBD-322D6CD0D381}.Debug|Any CPU.ActiveCfg = Debug|Any CPU
		{4ECE2B36-3BBD-4C6D-BCBD-322D6CD0D381}.Debug|Any CPU.Build.0 = Debug|Any CPU
		{4ECE2B36-3BBD-4C6D-BCBD-322D6CD0D381}.Debug|x64.ActiveCfg = Debug|Any CPU
		{4ECE2B36-3BBD-4C6D-BCBD-322D6CD0D381}.Debug|x64.Build.0 = Debug|Any CPU
		{4ECE2B36-3BBD-4C6D-BCBD-322D6CD0D381}.Release|Any CPU.ActiveCfg = Release|Any CPU
		{4ECE2B36-3BBD-4C6D-BCBD-322D6CD0D381}.Release|Any CPU.Build.0 = Release|Any CPU
		{4ECE2B36-3BBD-4C6D-BCBD-322D6CD0D381}.Release|x64.ActiveCfg = Release|Any CPU
		{4ECE2B36-3BBD-4C6D-BCBD-322D6CD0D381}.Release|x64.Build.0 = Release|Any CPU
		{8E94934E-DBC3-4216-A41F-608E375BDD8C}.Debug|Any CPU.ActiveCfg = Debug|Any CPU
		{8E94934E-DBC3-4216-A41F-608E375BDD8C}.Debug|Any CPU.Build.0 = Debug|Any CPU
		{8E94934E-DBC3-4216-A41F-608E375BDD8C}.Debug|x64.ActiveCfg = Debug|Any CPU
		{8E94934E-DBC3-4216-A41F-608E375BDD8C}.Debug|x64.Build.0 = Debug|Any CPU
		{8E94934E-DBC3-4216-A41F-608E375BDD8C}.Release|Any CPU.ActiveCfg = Release|Any CPU
		{8E94934E-DBC3-4216-A41F-608E375BDD8C}.Release|Any CPU.Build.0 = Release|Any CPU
		{8E94934E-DBC3-4216-A41F-608E375BDD8C}.Release|x64.ActiveCfg = Release|Any CPU
		{8E94934E-DBC3-4216-A41F-608E375BDD8C}.Release|x64.Build.0 = Release|Any CPU
		{C8FAE56A-7DC3-4EAF-B8AF-0C2CB8D8DCB0}.Debug|Any CPU.ActiveCfg = Debug|Any CPU
		{C8FAE56A-7DC3-4EAF-B8AF-0C2CB8D8DCB0}.Debug|Any CPU.Build.0 = Debug|Any CPU
		{C8FAE56A-7DC3-4EAF-B8AF-0C2CB8D8DCB0}.Debug|x64.ActiveCfg = Debug|Any CPU
		{C8FAE56A-7DC3-4EAF-B8AF-0C2CB8D8DCB0}.Debug|x64.Build.0 = Debug|Any CPU
		{C8FAE56A-7DC3-4EAF-B8AF-0C2CB8D8DCB0}.Release|Any CPU.ActiveCfg = Release|Any CPU
		{C8FAE56A-7DC3-4EAF-B8AF-0C2CB8D8DCB0}.Release|Any CPU.Build.0 = Release|Any CPU
		{C8FAE56A-7DC3-4EAF-B8AF-0C2CB8D8DCB0}.Release|x64.ActiveCfg = Release|Any CPU
		{C8FAE56A-7DC3-4EAF-B8AF-0C2CB8D8DCB0}.Release|x64.Build.0 = Release|Any CPU
	EndGlobalSection
	GlobalSection(SolutionProperties) = preSolution
		HideSolutionNode = FALSE
	EndGlobalSection
	GlobalSection(NestedProjects) = preSolution
		{45C188B6-24F7-4BCD-8CFF-B28CA7B0CC58} = {B7784DCA-139C-4B6A-A3F5-3FEC7EA76490}
		{2299AEEF-7D08-4663-AAE4-21939CF83B8F} = {B7784DCA-139C-4B6A-A3F5-3FEC7EA76490}
		{AF6B1FC7-BC82-44C9-895F-C4E98B02E09B} = {B7784DCA-139C-4B6A-A3F5-3FEC7EA76490}
		{54129415-F50A-4213-8A60-AC2A070765F5} = {B7784DCA-139C-4B6A-A3F5-3FEC7EA76490}
		{0AED0D9C-417E-42A8-A600-D16F33D25E48} = {45C188B6-24F7-4BCD-8CFF-B28CA7B0CC58}
		{B1EE59FC-C446-4F9B-BD27-EF52F2922344} = {54129415-F50A-4213-8A60-AC2A070765F5}
		{BEB66E03-6B00-4ADD-A88C-79503B4DBF3A} = {54129415-F50A-4213-8A60-AC2A070765F5}
		{243BFCFB-79EA-4539-BCEA-BD19B982141B} = {2299AEEF-7D08-4663-AAE4-21939CF83B8F}
		{592A0AFC-1D83-415E-AB50-A74F8D89D8D9} = {AF6B1FC7-BC82-44C9-895F-C4E98B02E09B}
		{A28C5764-BBBB-4F09-9A44-7D782F5E8292} = {54129415-F50A-4213-8A60-AC2A070765F5}
		{28A4CD63-1370-4DA6-A056-8AF312FFE143} = {54129415-F50A-4213-8A60-AC2A070765F5}
		{49598C0B-0FB2-4F1D-BA9F-83A1BE471A23} = {2299AEEF-7D08-4663-AAE4-21939CF83B8F}
		{D0DC2AA1-EA71-4E2F-80FF-F72FB445B733} = {45C188B6-24F7-4BCD-8CFF-B28CA7B0CC58}
		{1BE9AB9C-C36E-4C8D-B27C-BA1B3362E64F} = {D0DC2AA1-EA71-4E2F-80FF-F72FB445B733}
		{A948365F-748E-43FC-9346-A2DE3A70702A} = {D0DC2AA1-EA71-4E2F-80FF-F72FB445B733}
		{9DE992FA-E048-4592-9029-B6FB02442F9D} = {D0DC2AA1-EA71-4E2F-80FF-F72FB445B733}
		{75B9FDFD-CE2B-41D3-AC24-6BF42403BBBD} = {D0DC2AA1-EA71-4E2F-80FF-F72FB445B733}
		{03732615-C35F-4642-95AC-E5EA194739A8} = {D0DC2AA1-EA71-4E2F-80FF-F72FB445B733}
		{D2A8095E-43B9-48DF-905D-8B0A50F32F29} = {D0DC2AA1-EA71-4E2F-80FF-F72FB445B733}
		{4ECE2B36-3BBD-4C6D-BCBD-322D6CD0D381} = {D0DC2AA1-EA71-4E2F-80FF-F72FB445B733}
		{8E94934E-DBC3-4216-A41F-608E375BDD8C} = {D0DC2AA1-EA71-4E2F-80FF-F72FB445B733}
		{C8FAE56A-7DC3-4EAF-B8AF-0C2CB8D8DCB0} = {2299AEEF-7D08-4663-AAE4-21939CF83B8F}
	EndGlobalSection
	GlobalSection(ExtensibilityGlobals) = postSolution
		SolutionGuid = {DFFC8ADA-0D39-47A4-9521-64F868AB74A0}
	EndGlobalSection
EndGlobal
