
Microsoft Visual Studio Solution File, Format Version 12.00
Project("{2150E333-8FDC-42A3-9474-1A3956D46DE8}") = "src", "src", "{B7784DCA-139C-4B6A-A3F5-3FEC7EA76490}"
EndProject
Project("{2150E333-8FDC-42A3-9474-1A3956D46DE8}") = "test", "test", "{091C69FD-E50B-402F-9DE9-E46CFF4C7A63}"
EndProject
Project("{2150E333-8FDC-42A3-9474-1A3956D46DE8}") = "presentation", "presentation", "{45C188B6-24F7-4BCD-8CFF-B28CA7B0CC58}"
EndProject
Project("{2150E333-8FDC-42A3-9474-1A3956D46DE8}") = "application", "application", "{2299AEEF-7D08-4663-AAE4-21939CF83B8F}"
EndProject
Project("{2150E333-8FDC-42A3-9474-1A3956D46DE8}") = "infrastructure", "infrastructure", "{AF6B1FC7-BC82-44C9-895F-C4E98B02E09B}"
EndProject
Project("{2150E333-8FDC-42A3-9474-1A3956D46DE8}") = "domain", "domain", "{54129415-F50A-4213-8A60-AC2A070765F5}"
EndProject
Project("{FAE04EC0-301F-11D3-BF4B-00C04F79EFBC}") = "EGM.GraphQL.API", "EGM.GraphQL.API\EGM.GraphQL.API.csproj", "{0AED0D9C-417E-42A8-A600-D16F33D25E48}"
EndProject
Project("{FAE04EC0-301F-11D3-BF4B-00C04F79EFBC}") = "EGM.GQL.Primitives", "EGM.GQL.Primitives\EGM.GQL.Primitives.csproj", "{B1EE59FC-C446-4F9B-BD27-EF52F2922344}"
EndProject
Project("{FAE04EC0-301F-11D3-BF4B-00C04F79EFBC}") = "EGM.GQL.Abstractions", "EGM.GQL.Abstractions\EGM.GQL.Abstractions.csproj", "{BEB66E03-6B00-4ADD-A88C-79503B4DBF3A}"
EndProject
Project("{FAE04EC0-301F-11D3-BF4B-00C04F79EFBC}") = "EGM.GQL.Services", "EGM.GQL.Services\EGM.GQL.Services.csproj", "{243BFCFB-79EA-4539-BCEA-BD19B982141B}"
EndProject
Project("{FAE04EC0-301F-11D3-BF4B-00C04F79EFBC}") = "EGM.GQL.DataAccess", "EGM.GQL.DataAccess\EGM.GQL.DataAccess.csproj", "{592A0AFC-1D83-415E-AB50-A74F8D89D8D9}"
EndProject
Project("{FAE04EC0-301F-11D3-BF4B-00C04F79EFBC}") = "EGM.GQL.DataAccess.Primitives", "EGM.GQL.DataAccess.Primitives\EGM.GQL.DataAccess.Primitives.csproj", "{A28C5764-BBBB-4F09-9A44-7D782F5E8292}"
EndProject
Project("{FAE04EC0-301F-11D3-BF4B-00C04F79EFBC}") = "EGM.GQL.DataAccess.Abstractions", "EGM.GQL.DataAccess.Abstractions\EGM.GQL.DataAccess.Abstractions.csproj", "{28A4CD63-1370-4DA6-A056-8AF312FFE143}"
EndProject
Global
	GlobalSection(SolutionConfigurationPlatforms) = preSolution
		Release|x64 = Release|x64
		Debug|x64 = Debug|x64
	EndGlobalSection
	GlobalSection(ProjectConfigurationPlatforms) = postSolution
		{BEB66E03-6B00-4ADD-A88C-79503B4DBF3A}.Release|x64.ActiveCfg = Release|x64
		{BEB66E03-6B00-4ADD-A88C-79503B4DBF3A}.Release|x64.Build.0 = Release|x64
		{BEB66E03-6B00-4ADD-A88C-79503B4DBF3A}.Debug|x64.ActiveCfg = Debug|x64
		{BEB66E03-6B00-4ADD-A88C-79503B4DBF3A}.Debug|x64.Build.0 = Debug|x64
		{592A0AFC-1D83-415E-AB50-A74F8D89D8D9}.Release|x64.ActiveCfg = Release|x64
		{592A0AFC-1D83-415E-AB50-A74F8D89D8D9}.Release|x64.Build.0 = Release|x64
		{592A0AFC-1D83-415E-AB50-A74F8D89D8D9}.Debug|x64.ActiveCfg = Debug|x64
		{592A0AFC-1D83-415E-AB50-A74F8D89D8D9}.Debug|x64.Build.0 = Debug|x64
		{28A4CD63-1370-4DA6-A056-8AF312FFE143}.Release|x64.ActiveCfg = Release|x64
		{28A4CD63-1370-4DA6-A056-8AF312FFE143}.Release|x64.Build.0 = Release|x64
		{28A4CD63-1370-4DA6-A056-8AF312FFE143}.Debug|x64.ActiveCfg = Debug|x64
		{28A4CD63-1370-4DA6-A056-8AF312FFE143}.Debug|x64.Build.0 = Debug|x64
		{A28C5764-BBBB-4F09-9A44-7D782F5E8292}.Release|x64.ActiveCfg = Release|x64
		{A28C5764-BBBB-4F09-9A44-7D782F5E8292}.Release|x64.Build.0 = Release|x64
		{A28C5764-BBBB-4F09-9A44-7D782F5E8292}.Debug|x64.ActiveCfg = Debug|x64
		{A28C5764-BBBB-4F09-9A44-7D782F5E8292}.Debug|x64.Build.0 = Debug|x64
		{B1EE59FC-C446-4F9B-BD27-EF52F2922344}.Release|x64.ActiveCfg = Release|x64
		{B1EE59FC-C446-4F9B-BD27-EF52F2922344}.Release|x64.Build.0 = Release|x64
		{B1EE59FC-C446-4F9B-BD27-EF52F2922344}.Debug|x64.ActiveCfg = Debug|x64
		{B1EE59FC-C446-4F9B-BD27-EF52F2922344}.Debug|x64.Build.0 = Debug|x64
		{243BFCFB-79EA-4539-BCEA-BD19B982141B}.Release|x64.ActiveCfg = Release|x64
		{243BFCFB-79EA-4539-BCEA-BD19B982141B}.Release|x64.Build.0 = Release|x64
		{243BFCFB-79EA-4539-BCEA-BD19B982141B}.Debug|x64.ActiveCfg = Debug|x64
		{243BFCFB-79EA-4539-BCEA-BD19B982141B}.Debug|x64.Build.0 = Debug|x64
		{0AED0D9C-417E-42A8-A600-D16F33D25E48}.Release|x64.ActiveCfg = Release|x64
		{0AED0D9C-417E-42A8-A600-D16F33D25E48}.Release|x64.Build.0 = Release|x64
		{0AED0D9C-417E-42A8-A600-D16F33D25E48}.Debug|x64.ActiveCfg = Debug|x64
		{0AED0D9C-417E-42A8-A600-D16F33D25E48}.Debug|x64.Build.0 = Debug|x64
	EndGlobalSection
	GlobalSection(NestedProjects) = preSolution
		{45C188B6-24F7-4BCD-8CFF-B28CA7B0CC58} = {B7784DCA-139C-4B6A-A3F5-3FEC7EA76490}
		{2299AEEF-7D08-4663-AAE4-21939CF83B8F} = {B7784DCA-139C-4B6A-A3F5-3FEC7EA76490}
		{AF6B1FC7-BC82-44C9-895F-C4E98B02E09B} = {B7784DCA-139C-4B6A-A3F5-3FEC7EA76490}
		{54129415-F50A-4213-8A60-AC2A070765F5} = {B7784DCA-139C-4B6A-A3F5-3FEC7EA76490}
		{0AED0D9C-417E-42A8-A600-D16F33D25E48} = {45C188B6-24F7-4BCD-8CFF-B28CA7B0CC58}
		{B1EE59FC-C446-4F9B-BD27-EF52F2922344} = {54129415-F50A-4213-8A60-AC2A070765F5}
		{BEB66E03-6B00-4ADD-A88C-79503B4DBF3A} = {54129415-F50A-4213-8A60-AC2A070765F5}
		{243BFCFB-79EA-4539-BCEA-BD19B982141B} = {2299AEEF-7D08-4663-AAE4-21939CF83B8F}
		{592A0AFC-1D83-415E-AB50-A74F8D89D8D9} = {AF6B1FC7-BC82-44C9-895F-C4E98B02E09B}
		{A28C5764-BBBB-4F09-9A44-7D782F5E8292} = {54129415-F50A-4213-8A60-AC2A070765F5}
		{28A4CD63-1370-4DA6-A056-8AF312FFE143} = {54129415-F50A-4213-8A60-AC2A070765F5}
	EndGlobalSection
EndGlobal
